{
  "name": "opencode",
  "version": "file:../../dotfiles/.config/opencode",
  "lockfileVersion": 3,
  "requires": true,
  "packages": {
    "": {
      "dependencies": {
        "@ai-sdk/openai-compatible": "^2.0.33",
        "@opencode-ai/plugin": "1.3.17",
        "opencode-antigravity-auth": "^1.6.0"
      },
      "devDependencies": {
        "jsonc-parser": "3.3.1",
        "zod": "4.3.5"
      }
    },
    "../../dotfiles/.config/opencode/node_modules/@ai-sdk/openai-compatible": {
      "version": "2.0.40",
      "resolved": "https://registry.npmjs.org/@ai-sdk/openai-compatible/-/openai-compatible-2.0.40.tgz",
      "integrity": "sha512-mhJQJh/CijoHOHby0jYeWZVCflyc6vVLz8LJ+XLEkoOl47/BsEJzhDz7YRZnrmDnO1oXtqq/awfgwPyd4VStWg==",
      "license": "Apache-2.0",
      "dependencies": {
        "@ai-sdk/provider": "3.0.8",
        "@ai-sdk/provider-utils": "4.0.23"
      },
      "engines": {
        "node": ">=18"
      },
      "peerDependencies": {
        "zod": "^3.25.76 || ^4.1.8"
      }
    },
    "../../dotfiles/.config/opencode/node_modules/@ai-sdk/provider": {
      "version": "3.0.8",
      "resolved": "https://registry.npmjs.org/@ai-sdk/provider/-/provider-3.0.8.tgz",
      "integrity": "sha512-oGMAgGoQdBXbZqNG0Ze56CHjDZ1IDYOwGYxYjO5KLSlz5HiNQ9udIXsPZ61VWaHGZ5XW/jyjmr6t2xz2jGVwbQ==",
      "license": "Apache-2.0",
      "dependencies": {
        "json-schema": "^0.4.0"
      },
      "engines": {
        "node": ">=18"
      }
    },
    "../../dotfiles/.config/opencode/node_modules/@ai-sdk/provider-utils": {
      "version": "4.0.23",
      "resolved": "https://registry.npmjs.org/@ai-sdk/provider-utils/-/provider-utils-4.0.23.tgz",
      "integrity": "sha512-z8GlDaCmRSDlqkMF2f4/RFgWxdarvIbyuk+m6WXT1LYgsnGiXRJGTD2Z1+SDl3LqtFuRtGX1aghYvQLoHL/9pg==",
      "license": "Apache-2.0",
      "dependencies": {
        "@ai-sdk/provider": "3.0.8",
        "@standard-schema/spec": "^1.1.0",
        "eventsource-parser": "^3.0.6"
      },
      "engines": {
        "node": ">=18"
      },
      "peerDependencies": {
        "zod": "^3.25.76 || ^4.1.8"
      }
    },
    "../../dotfiles/.config/opencode/node_modules/@ai-sdk/provider-utils/node_modules/@standard-schema/spec": {
      "version": "1.1.0",
      "resolved": "https://registry.npmjs.org/@standard-schema/spec/-/spec-1.1.0.tgz",
      "integrity": "sha512-l2aFy5jALhniG5HgqrD6jXLi/rUWrKvqN/qJx6yoJsgKhblVd+iqqU4RCXavm/jPityDo5TCvKMnpjKnOriy0w==",
      "license": "MIT"
    },
    "../../dotfiles/.config/opencode/node_modules/@openauthjs/openauth": {
      "version": "0.4.3",
      "resolved": "https://registry.npmjs.org/@openauthjs/openauth/-/openauth-0.4.3.tgz",
      "integrity": "sha512-RlnjqvHzqcbFVymEwhlUEuac4utA5h4nhSK/i2szZuQmxTIqbGUxZ+nM+avM+VV4Ing+/ZaNLKILoXS3yrkOOw==",
      "dependencies": {
        "@standard-schema/spec": "1.0.0-beta.3",
        "aws4fetch": "1.0.20",
        "jose": "5.9.6"
      },
      "peerDependencies": {
        "arctic": "^2.2.2",
        "hono": "^4.0.0"
      }
    },
    "../../dotfiles/.config/opencode/node_modules/@opencode-ai/plugin": {
      "version": "1.3.17",
      "resolved": "https://registry.npmjs.org/@opencode-ai/plugin/-/plugin-1.3.17.tgz",
      "integrity": "sha512-N5lckFtYvEu2R8K1um//MIOTHsJHniF2kHoPIWPCrxKG5Jpismt1ISGzIiU3aKI2ht/9VgcqKPC5oZFLdmpxPw==",
      "license": "MIT",
      "dependencies": {
        "@opencode-ai/sdk": "1.3.17",
        "zod": "4.1.8"
      },
      "peerDependencies": {
        "@opentui/core": ">=0.1.96",
        "@opentui/solid": ">=0.1.96"
      },
      "peerDependenciesMeta": {
        "@opentui/core": {
          "optional": true
        },
        "@opentui/solid": {
          "optional": true
        }
      }
    },
    "../../dotfiles/.config/opencode/node_modules/@opencode-ai/plugin/node_modules/zod": {
      "version": "4.1.8",
      "license": "MIT",
      "funding": {
        "url": "https://github.com/sponsors/colinhacks"
      }
    },
    "../../dotfiles/.config/opencode/node_modules/@opencode-ai/sdk": {
      "version": "1.3.17",
      "resolved": "https://registry.npmjs.org/@opencode-ai/sdk/-/sdk-1.3.17.tgz",
      "integrity": "sha512-2+MGgu7wynqTBwxezR01VAGhILXlpcHDY/pF7SWB87WOgLt3kD55HjKHNj6PWxyY8n575AZolR95VUC3gtwfmA==",
      "license": "MIT",
      "dependencies": {
        "cross-spawn": "7.0.6"
      }
    },
    "../../dotfiles/.config/opencode/node_modules/@oslojs/asn1": {
      "version": "1.0.0",
      "resolved": "https://registry.npmjs.org/@oslojs/asn1/-/asn1-1.0.0.tgz",
      "integrity": "sha512-zw/wn0sj0j0QKbIXfIlnEcTviaCzYOY3V5rAyjR6YtOByFtJiT574+8p9Wlach0lZH9fddD4yb9laEAIl4vXQA==",
      "license": "MIT",
      "peer": true,
      "dependencies": {
        "@oslojs/binary": "1.0.0"
      }
    },
    "../../dotfiles/.config/opencode/node_modules/@oslojs/binary": {
      "version": "1.0.0",
      "resolved": "https://registry.npmjs.org/@oslojs/binary/-/binary-1.0.0.tgz",
      "integrity": "sha512-9RCU6OwXU6p67H4NODbuxv2S3eenuQ4/WFLrsq+K/k682xrznH5EVWA7N4VFk9VYVcbFtKqur5YQQZc0ySGhsQ==",
      "license": "MIT",
      "peer": true
    },
    "../../dotfiles/.config/opencode/node_modules/@oslojs/crypto": {
      "version": "1.0.1",
      "resolved": "https://registry.npmjs.org/@oslojs/crypto/-/crypto-1.0.1.tgz",
      "integrity": "sha512-7n08G8nWjAr/Yu3vu9zzrd0L9XnrJfpMioQcvCMxBIiF5orECHe5/3J0jmXRVvgfqMm/+4oxlQ+Sq39COYLcNQ==",
      "license": "MIT",
      "peer": true,
      "dependencies": {
        "@oslojs/asn1": "1.0.0",
        "@oslojs/binary": "1.0.0"
      }
    },
    "../../dotfiles/.config/opencode/node_modules/@oslojs/encoding": {
      "version": "1.1.0",
      "resolved": "https://registry.npmjs.org/@oslojs/encoding/-/encoding-1.1.0.tgz",
      "integrity": "sha512-70wQhgYmndg4GCPxPPxPGevRKqTIJ2Nh4OkiMWmDAVYsTQ+Ta7Sq+rPevXyXGdzr30/qZBnyOalCszoMxlyldQ==",
      "license": "MIT",
      "peer": true
    },
    "../../dotfiles/.config/opencode/node_modules/@oslojs/jwt": {
      "version": "0.2.0",
      "resolved": "https://registry.npmjs.org/@oslojs/jwt/-/jwt-0.2.0.tgz",
      "integrity": "sha512-bLE7BtHrURedCn4Mco3ma9L4Y1GR2SMBuIvjWr7rmQ4/W/4Jy70TIAgZ+0nIlk0xHz1vNP8x8DCns45Sb2XRbg==",
      "license": "MIT",
      "peer": true,
      "dependencies": {
        "@oslojs/encoding": "0.4.1"
      }
    },
    "../../dotfiles/.config/opencode/node_modules/@oslojs/jwt/node_modules/@oslojs/encoding": {
      "version": "0.4.1",
      "resolved": "https://registry.npmjs.org/@oslojs/encoding/-/encoding-0.4.1.tgz",
      "integrity": "sha512-hkjo6MuIK/kQR5CrGNdAPZhS01ZCXuWDRJ187zh6qqF2+yMHZpD9fAYpX8q2bOO6Ryhl3XpCT6kUX76N8hhm4Q==",
      "license": "MIT",
      "peer": true
    },
    "../../dotfiles/.config/opencode/node_modules/@standard-schema/spec": {
      "version": "1.0.0-beta.3",
      "resolved": "https://registry.npmjs.org/@standard-schema/spec/-/spec-1.0.0-beta.3.tgz",
      "integrity": "sha512-0ifF3BjA1E8SY9C+nUew8RefNOIq0cDlYALPty4rhUm8Rrl6tCM8hBT4bhGhx7I7iXD0uAgt50lgo8dD73ACMw==",
      "license": "MIT"
    },
    "../../dotfiles/.config/opencode/node_modules/arctic": {
      "version": "2.3.4",
      "resolved": "https://registry.npmjs.org/arctic/-/arctic-2.3.4.tgz",
      "integrity": "sha512-+p30BOWsctZp+CVYCt7oAean/hWGW42sH5LAcRQX56ttEkFJWbzXBhmSpibbzwSJkRrotmsA+oAoJoVsU0f5xA==",
      "license": "MIT",
      "peer": true,
      "dependencies": {
        "@oslojs/crypto": "1.0.1",
        "@oslojs/encoding": "1.1.0",
        "@oslojs/jwt": "0.2.0"
      }
    },
    "../../dotfiles/.config/opencode/node_modules/aws4fetch": {
      "version": "1.0.20",
      "resolved": "https://registry.npmjs.org/aws4fetch/-/aws4fetch-1.0.20.tgz",
      "integrity": "sha512-/djoAN709iY65ETD6LKCtyyEI04XIBP5xVvfmNxsEP0uJB5tyaGBztSryRr4HqMStr9R06PisQE7m9zDTXKu6g==",
      "license": "MIT"
    },
    "../../dotfiles/.config/opencode/node_modules/cross-spawn": {
      "version": "7.0.6",
      "resolved": "https://registry.npmjs.org/cross-spawn/-/cross-spawn-7.0.6.tgz",
      "integrity": "sha512-uV2QOWP2nWzsy2aMp8aRibhi9dlzF5Hgh5SHaB9OiTGEyDTiJJyx0uy51QXdyWbtAHNua4XJzUKca3OzKUd3vA==",
      "license": "MIT",
      "dependencies": {
        "path-key": "^3.1.0",
        "shebang-command": "^2.0.0",
        "which": "^2.0.1"
      },
      "engines": {
        "node": ">= 8"
      }
    },
    "../../dotfiles/.config/opencode/node_modules/eventsource-parser": {
      "version": "3.0.6",
      "resolved": "https://registry.npmjs.org/eventsource-parser/-/eventsource-parser-3.0.6.tgz",
      "integrity": "sha512-Vo1ab+QXPzZ4tCa8SwIHJFaSzy4R6SHf7BY79rFBDf0idraZWAkYrDjDj8uWaSm3S2TK+hJ7/t1CEmZ7jXw+pg==",
      "license": "MIT",
      "engines": {
        "node": ">=18.0.0"
      }
    },
    "../../dotfiles/.config/opencode/node_modules/graceful-fs": {
      "version": "4.2.11",
      "resolved": "https://registry.npmjs.org/graceful-fs/-/graceful-fs-4.2.11.tgz",
      "integrity": "sha512-RbJ5/jmFcNNCcDV5o9eTnBLJ/HszWV0P73bc+Ff4nS/rJj+YaS6IGyiOL0VoBYX+l1Wrl3k63h/KrH+nhJ0XvQ==",
      "license": "ISC"
    },
    "../../dotfiles/.config/opencode/node_modules/hono": {
      "version": "4.12.4",
      "resolved": "https://registry.npmjs.org/hono/-/hono-4.12.4.tgz",
      "integrity": "sha512-ooiZW1Xy8rQ4oELQ++otI2T9DsKpV0M6c6cO6JGx4RTfav9poFFLlet9UMXHZnoM1yG0HWGlQLswBGX3RZmHtg==",
      "license": "MIT",
      "peer": true,
      "engines": {
        "node": ">=16.9.0"
      }
    },
    "../../dotfiles/.config/opencode/node_modules/isexe": {
      "version": "2.0.0",
      "resolved": "https://registry.npmjs.org/isexe/-/isexe-2.0.0.tgz",
      "integrity": "sha512-RHxMLp9lnKHGHRng9QFhRCMbYAcVpn69smSGcq3f36xjgVVWThj4qqLbTLlq7Ssj8B+fIQ1EuCEGI2lKsyQeIw==",
      "license": "ISC"
    },
    "../../dotfiles/.config/opencode/node_modules/jose": {
      "version": "5.9.6",
      "resolved": "https://registry.npmjs.org/jose/-/jose-5.9.6.tgz",
      "integrity": "sha512-AMlnetc9+CV9asI19zHmrgS/WYsWUwCn2R7RzlbJWD7F9eWYUTGyBmU9o6PxngtLGOiDGPRu+Uc4fhKzbpteZQ==",
      "license": "MIT",
      "funding": {
        "url": "https://github.com/sponsors/panva"
      }
    },
    "../../dotfiles/.config/opencode/node_modules/json-schema": {
      "version": "0.4.0",
      "resolved": "https://registry.npmjs.org/json-schema/-/json-schema-0.4.0.tgz",
      "integrity": "sha512-es94M3nTIfsEPisRafak+HDLfHXnKBhV3vU5eqPcS3flIWqcxJWgXHXiey3YrpaNsanY5ei1VoYEbOzijuq9BA==",
      "license": "(AFL-2.1 OR BSD-3-Clause)"
    },
    "../../dotfiles/.config/opencode/node_modules/jsonc-parser": {
      "version": "3.3.1",
      "dev": true,
      "license": "MIT"
    },
    "../../dotfiles/.config/opencode/node_modules/opencode-antigravity-auth": {
      "version": "1.6.0",
      "resolved": "https://registry.npmjs.org/opencode-antigravity-auth/-/opencode-antigravity-auth-1.6.0.tgz",
      "integrity": "sha512-8HLksis3yfHxZ6hzye78eEWNV6lRDL/yCtSD8sUaernyGFvIxSywFVwLsfum50wZ6ZEwJqs6moeiSGb6EE1p+Q==",
      "license": "MIT",
      "dependencies": {
        "@openauthjs/openauth": "^0.4.3",
        "@opencode-ai/plugin": "^0.15.30",
        "proper-lockfile": "^4.1.2",
        "xdg-basedir": "^5.1.0",
        "zod": "^4.0.0"
      },
      "engines": {
        "node": ">=20.0.0"
      },
      "peerDependencies": {
        "typescript": "^5"
      }
    },
    "../../dotfiles/.config/opencode/node_modules/opencode-antigravity-auth/node_modules/@opencode-ai/plugin": {
      "version": "0.15.31",
      "resolved": "https://registry.npmjs.org/@opencode-ai/plugin/-/plugin-0.15.31.tgz",
      "integrity": "sha512-htKKCq9Htljf7vX5ANLDB7bU7TeJYrl8LP2CQUtCAguKUpVvpj5tiZ+edlCdhGFEqlpSp+pkiTEY5LCv1muowg==",
      "dependencies": {
        "@opencode-ai/sdk": "0.15.31",
        "zod": "4.1.8"
      }
    },
    "../../dotfiles/.config/opencode/node_modules/opencode-antigravity-auth/node_modules/@opencode-ai/sdk": {
      "version": "0.15.31",
      "resolved": "https://registry.npmjs.org/@opencode-ai/sdk/-/sdk-0.15.31.tgz",
      "integrity": "sha512-95HWBiNKQnwsubkR2E7QhBD/CH9yteZGrviWar0aKHWu8/RjWw9m7Znbv8DI+y6i2dMwBBcGQ8LJ7x0abzys4A=="
    },
    "../../dotfiles/.config/opencode/node_modules/opencode-antigravity-auth/node_modules/zod": {
      "version": "4.1.8",
      "resolved": "https://registry.npmjs.org/zod/-/zod-4.1.8.tgz",
      "integrity": "sha512-5R1P+WwQqmmMIEACyzSvo4JXHY5WiAFHRMg+zBZKgKS+Q1viRa0C1hmUKtHltoIFKtIdki3pRxkmpP74jnNYHQ==",
      "license": "MIT",
      "funding": {
        "url": "https://github.com/sponsors/colinhacks"
      }
    },
    "../../dotfiles/.config/opencode/node_modules/path-key": {
      "version": "3.1.1",
      "resolved": "https://registry.npmjs.org/path-key/-/path-key-3.1.1.tgz",
      "integrity": "sha512-ojmeN0qd+y0jszEtoY48r0Peq5dwMEkIlCOu6Q5f41lfkswXuKtYrhgoTpLnyIcHm24Uhqx+5Tqm2InSwLhE6Q==",
      "license": "MIT",
      "engines": {
        "node": ">=8"
      }
    },
    "../../dotfiles/.config/opencode/node_modules/proper-lockfile": {
      "version": "4.1.2",
      "resolved": "https://registry.npmjs.org/proper-lockfile/-/proper-lockfile-4.1.2.tgz",
      "integrity": "sha512-TjNPblN4BwAWMXU8s9AEz4JmQxnD1NNL7bNOY/AKUzyamc379FWASUhc/K1pL2noVb+XmZKLL68cjzLsiOAMaA==",
      "license": "MIT",
      "dependencies": {
        "graceful-fs": "^4.2.4",
        "retry": "^0.12.0",
        "signal-exit": "^3.0.2"
      }
    },
    "../../dotfiles/.config/opencode/node_modules/retry": {
      "version": "0.12.0",
      "resolved": "https://registry.npmjs.org/retry/-/retry-0.12.0.tgz",
      "integrity": "sha512-9LkiTwjUh6rT555DtE9rTX+BKByPfrMzEAtnlEtdEwr3Nkffwiihqe2bWADg+OQRjt9gl6ICdmB/ZFDCGAtSow==",
      "license": "MIT",
      "engines": {
        "node": ">= 4"
      }
    },
    "../../dotfiles/.config/opencode/node_modules/shebang-command": {
      "version": "2.0.0",
      "resolved": "https://registry.npmjs.org/shebang-command/-/shebang-command-2.0.0.tgz",
      "integrity": "sha512-kHxr2zZpYtdmrN1qDjrrX/Z1rR1kG8Dx+gkpK1G4eXmvXswmcE1hTWBWYUzlraYw1/yZp6YuDY77YtvbN0dmDA==",
      "license": "MIT",
      "dependencies": {
        "shebang-regex": "^3.0.0"
      },
      "engines": {
        "node": ">=8"
      }
    },
    "../../dotfiles/.config/opencode/node_modules/shebang-regex": {
      "version": "3.0.0",
      "resolved": "https://registry.npmjs.org/shebang-regex/-/shebang-regex-3.0.0.tgz",
      "integrity": "sha512-7++dFhtcx3353uBaq8DDR4NuxBetBzC7ZQOhmTQInHEd6bSrXdiEyzCvG07Z44UYdLShWUyXt5M/yhz8ekcb1A==",
      "license": "MIT",
      "engines": {
        "node": ">=8"
      }
    },
    "../../dotfiles/.config/opencode/node_modules/signal-exit": {
      "version": "3.0.7",
      "resolved": "https://registry.npmjs.org/signal-exit/-/signal-exit-3.0.7.tgz",
      "integrity": "sha512-wnD2ZE+l+SPC/uoS0vXeE9L1+0wuaMqKlfz9AMUo38JsyLSBWSFcHR1Rri62LZc12vLr1gb3jl7iwQhgwpAbGQ==",
      "license": "ISC"
    },
    "../../dotfiles/.config/opencode/node_modules/typescript": {
      "version": "5.9.3",
      "resolved": "https://registry.npmjs.org/typescript/-/typescript-5.9.3.tgz",
      "integrity": "sha512-jl1vZzPDinLr9eUt3J/t7V6FgNEw9QjvBPdysz9KfQDD41fQrC2Y4vKQdiaUpFT4bXlb1RHhLpp8wtm6M5TgSw==",
      "license": "Apache-2.0",
      "peer": true,
      "bin": {
        "tsc": "bin/tsc",
        "tsserver": "bin/tsserver"
      },
      "engines": {
        "node": ">=14.17"
      }
    },
    "../../dotfiles/.config/opencode/node_modules/which": {
      "version": "2.0.2",
      "resolved": "https://registry.npmjs.org/which/-/which-2.0.2.tgz",
      "integrity": "sha512-BLI3Tl1TW3Pvl70l3yq3Y64i+awpwXqsGBYWkkqMtnbXgrMD+yj7rhW0kuEDxzJaYXGjEW5ogapKNMEKNMjibA==",
      "license": "ISC",
      "dependencies": {
        "isexe": "^2.0.0"
      },
      "bin": {
        "node-which": "bin/node-which"
      },
      "engines": {
        "node": ">= 8"
      }
    },
    "../../dotfiles/.config/opencode/node_modules/xdg-basedir": {
      "version": "5.1.0",
      "resolved": "https://registry.npmjs.org/xdg-basedir/-/xdg-basedir-5.1.0.tgz",
      "integrity": "sha512-GCPAHLvrIH13+c0SuacwvRYj2SxJXQ4kaVTT5xgL3kPrz56XxkF21IGhjSE1+W0aw7gpBWRGXLCPnPby6lSpmQ==",
      "license": "MIT",
      "engines": {
        "node": ">=12"
      },
      "funding": {
        "url": "https://github.com/sponsors/sindresorhus"
      }
    },
    "../../dotfiles/.config/opencode/node_modules/zod": {
      "version": "4.3.5",
      "license": "MIT",
      "funding": {
        "url": "https://github.com/sponsors/colinhacks"
      }
    }
  }
}
